{
  "originHash" : "549522aff5b19c3c30f7abf1ea54364ae499b20b64e1f69406734aead8963969",
  "pins" : [
    {
      "identity" : "aiproxyswift",
      "kind" : "remoteSourceControl",
      "location" : "https://github.com/lzell/AIProxySwift",
      "state" : {
        "branch" : "main",
        "revision" : "61925af8b80f969272523266cebba1a18f253b45"
      }
    }
  ],
  "version" : 3
}
